
Microsoft Visual Studio Solution File, Format Version 12.00
Project("{FAE04EC0-301F-11D3-BF4B-00C04F79EFBC}") = "Topic", "Topic.csproj", "{59A75297-7D3C-4975-87B8-360C111CD9C1}"
EndProject
Project("{FAE04EC0-301F-11D3-BF4B-00C04F79EFBC}") = "StoredProcedure.Tests", "StoredProcedure.Tests\StoredProcedure.Tests.csproj", "{643B2880-F464-40CC-9DE8-D7A168DB3AF3}"
EndProject
Global
	GlobalSection(SolutionConfigurationPlatforms) = preSolution
		Debug|Any CPU = Debug|Any CPU
		Release|Any CPU = Release|Any CPU
	EndGlobalSection
	GlobalSection(ProjectConfigurationPlatforms) = postSolution
		{59A75297-7D3C-4975-87B8-360C111CD9C1}.Debug|Any CPU.ActiveCfg = Debug|Any CPU
		{59A75297-7D3C-4975-87B8-360C111CD9C1}.Debug|Any CPU.Build.0 = Debug|Any CPU
		{59A75297-7D3C-4975-87B8-360C111CD9C1}.Release|Any CPU.ActiveCfg = Release|Any CPU
		{59A75297-7D3C-4975-87B8-360C111CD9C1}.Release|Any CPU.Build.0 = Release|Any CPU
		{643B2880-F464-40CC-9DE8-D7A168DB3AF3}.Debug|Any CPU.ActiveCfg = Debug|Any CPU
		{643B2880-F464-40CC-9DE8-D7A168DB3AF3}.Debug|Any CPU.Build.0 = Debug|Any CPU
		{643B2880-F464-40CC-9DE8-D7A168DB3AF3}.Release|Any CPU.ActiveCfg = Release|Any CPU
		{643B2880-F464-40CC-9DE8-D7A168DB3AF3}.Release|Any CPU.Build.0 = Release|Any CPU
	EndGlobalSection
EndGlobal
